
Microsoft Visual Studio Solution File, Format Version 12.00
# Visual Studio Version 16
VisualStudioVersion = 16.0.30717.126
MinimumVisualStudioVersion = 10.0.40219.1
Project("{FAE04EC0-301F-11D3-BF4B-00C04F79EFBC}") = "App", "App.csproj", "{578690BD-DE33-4775-9D10-D3297C8A2713}"
EndProject
Global
	GlobalSection(SolutionConfigurationPlatforms) = preSolution
		Debug|Any CPU = Debug|Any CPU
		Release|Any CPU = Release|Any CPU
	EndGlobalSection
	GlobalSection(ProjectConfigurationPlatforms) = postSolution
		{578690BD-DE33-4775-9D10-D3297C8A2713}.Debug|Any CPU.ActiveCfg = Debug|Any CPU
		{578690BD-DE33-4775-9D10-D3297C8A2713}.Debug|Any CPU.Build.0 = Debug|Any CPU
		{578690BD-DE33-4775-9D10-D3297C8A2713}.Release|Any CPU.ActiveCfg = Release|Any CPU
		{578690BD-DE33-4775-9D10-D3297C8A2713}.Release|Any CPU.Build.0 = Release|Any CPU
	EndGlobalSection
	GlobalSection(SolutionProperties) = preSolution
		HideSolutionNode = FALSE
	EndGlobalSection
	GlobalSection(ExtensibilityGlobals) = postSolution
		SolutionGuid = {E361DAEE-AAAA-473E-A534-E839B6E970E5}
	EndGlobalSection
EndGlobal
